
Microsoft Visual Studio Solution File, Format Version 12.00
# Visual Studio 15
Project("{FAE04EC0-301F-11D3-BF4B-00C04F79EFBC}") = "com.dman.plantbuilder.nodegraph", "com.dman.plantbuilder.nodegraph.csproj", "{FF5C4E60-178B-5716-125C-C25F9F5CE299}"
EndProject
Project("{FAE04EC0-301F-11D3-BF4B-00C04F79EFBC}") = "com.dman.LSystem", "com.dman.LSystem.csproj", "{2B0EE45B-E6C1-2002-89B4-72797EBD73AD}"
EndProject
Project("{FAE04EC0-301F-11D3-BF4B-00C04F79EFBC}") = "com.dman.plantbuilder", "com.dman.plantbuilder.csproj", "{CF9A44FD-C709-A2B6-30D5-0C4D4A524069}"
EndProject
Project("{FAE04EC0-301F-11D3-BF4B-00C04F79EFBC}") = "SplineMesh", "SplineMesh.csproj", "{464D9D06-54BB-0727-018A-41EE4F0542AE}"
EndProject
Project("{FAE04EC0-301F-11D3-BF4B-00C04F79EFBC}") = "Utilities", "Utilities.csproj", "{DE43B234-2FB4-B924-8F3C-78C467619AE5}"
EndProject
Project("{FAE04EC0-301F-11D3-BF4B-00C04F79EFBC}") = "Assembly-CSharp", "Assembly-CSharp.csproj", "{F5E7E268-3178-1321-DAD5-E3F0C433CDFE}"
EndProject
Project("{FAE04EC0-301F-11D3-BF4B-00C04F79EFBC}") = "com.dman.MeshDraftExtensions", "com.dman.MeshDraftExtensions.csproj", "{36E4E238-DAC7-D438-E7F2-49F75CD2C9AD}"
EndProject
Project("{FAE04EC0-301F-11D3-BF4B-00C04F79EFBC}") = "com.dman.l-system.editor", "com.dman.l-system.editor.csproj", "{A39E0EE8-9E26-8564-4F88-37EC2336B4F8}"
EndProject
Project("{FAE04EC0-301F-11D3-BF4B-00C04F79EFBC}") = "com.dman.plantbuilder.nodegraph.editor", "com.dman.plantbuilder.nodegraph.editor.csproj", "{0F05B563-19CB-DF72-CE0E-A90379676C0E}"
EndProject
Project("{FAE04EC0-301F-11D3-BF4B-00C04F79EFBC}") = "com.dman.LSystem.Tests", "com.dman.LSystem.Tests.csproj", "{0BFD8670-BC4C-D0CB-2293-13DDBB870A08}"
EndProject
Project("{FAE04EC0-301F-11D3-BF4B-00C04F79EFBC}") = "SplineMeshEditor", "SplineMeshEditor.csproj", "{C885711F-5180-1D83-A830-02373F016E25}"
EndProject
Project("{FAE04EC0-301F-11D3-BF4B-00C04F79EFBC}") = "com.dman.plantbuilder.editor", "com.dman.plantbuilder.editor.csproj", "{1AAC77C1-84D8-E99F-149E-88B520EB052D}"
EndProject
Project("{FAE04EC0-301F-11D3-BF4B-00C04F79EFBC}") = "UtilitiesEditor", "UtilitiesEditor.csproj", "{7B63C3A1-4ECF-43DA-39AF-06BF92AA2065}"
EndProject
Global
	GlobalSection(SolutionConfigurationPlatforms) = preSolution
		Debug|Any CPU = Debug|Any CPU
		Release|Any CPU = Release|Any CPU
	EndGlobalSection
	GlobalSection(ProjectConfigurationPlatforms) = postSolution
		{FF5C4E60-178B-5716-125C-C25F9F5CE299}.Debug|Any CPU.ActiveCfg = Debug|Any CPU
		{FF5C4E60-178B-5716-125C-C25F9F5CE299}.Debug|Any CPU.Build.0 = Debug|Any CPU
		{FF5C4E60-178B-5716-125C-C25F9F5CE299}.Release|Any CPU.ActiveCfg = Release|Any CPU
		{FF5C4E60-178B-5716-125C-C25F9F5CE299}.Release|Any CPU.Build.0 = Release|Any CPU
		{2B0EE45B-E6C1-2002-89B4-72797EBD73AD}.Debug|Any CPU.ActiveCfg = Debug|Any CPU
		{2B0EE45B-E6C1-2002-89B4-72797EBD73AD}.Debug|Any CPU.Build.0 = Debug|Any CPU
		{2B0EE45B-E6C1-2002-89B4-72797EBD73AD}.Release|Any CPU.ActiveCfg = Release|Any CPU
		{2B0EE45B-E6C1-2002-89B4-72797EBD73AD}.Release|Any CPU.Build.0 = Release|Any CPU
		{CF9A44FD-C709-A2B6-30D5-0C4D4A524069}.Debug|Any CPU.ActiveCfg = Debug|Any CPU
		{CF9A44FD-C709-A2B6-30D5-0C4D4A524069}.Debug|Any CPU.Build.0 = Debug|Any CPU
		{CF9A44FD-C709-A2B6-30D5-0C4D4A524069}.Release|Any CPU.ActiveCfg = Release|Any CPU
		{CF9A44FD-C709-A2B6-30D5-0C4D4A524069}.Release|Any CPU.Build.0 = Release|Any CPU
		{464D9D06-54BB-0727-018A-41EE4F0542AE}.Debug|Any CPU.ActiveCfg = Debug|Any CPU
		{464D9D06-54BB-0727-018A-41EE4F0542AE}.Debug|Any CPU.Build.0 = Debug|Any CPU
		{464D9D06-54BB-0727-018A-41EE4F0542AE}.Release|Any CPU.ActiveCfg = Release|Any CPU
		{464D9D06-54BB-0727-018A-41EE4F0542AE}.Release|Any CPU.Build.0 = Release|Any CPU
		{DE43B234-2FB4-B924-8F3C-78C467619AE5}.Debug|Any CPU.ActiveCfg = Debug|Any CPU
		{DE43B234-2FB4-B924-8F3C-78C467619AE5}.Debug|Any CPU.Build.0 = Debug|Any CPU
		{DE43B234-2FB4-B924-8F3C-78C467619AE5}.Release|Any CPU.ActiveCfg = Release|Any CPU
		{DE43B234-2FB4-B924-8F3C-78C467619AE5}.Release|Any CPU.Build.0 = Release|Any CPU
		{F5E7E268-3178-1321-DAD5-E3F0C433CDFE}.Debug|Any CPU.ActiveCfg = Debug|Any CPU
		{F5E7E268-3178-1321-DAD5-E3F0C433CDFE}.Debug|Any CPU.Build.0 = Debug|Any CPU
		{F5E7E268-3178-1321-DAD5-E3F0C433CDFE}.Release|Any CPU.ActiveCfg = Release|Any CPU
		{F5E7E268-3178-1321-DAD5-E3F0C433CDFE}.Release|Any CPU.Build.0 = Release|Any CPU
		{36E4E238-DAC7-D438-E7F2-49F75CD2C9AD}.Debug|Any CPU.ActiveCfg = Debug|Any CPU
		{36E4E238-DAC7-D438-E7F2-49F75CD2C9AD}.Debug|Any CPU.Build.0 = Debug|Any CPU
		{36E4E238-DAC7-D438-E7F2-49F75CD2C9AD}.Release|Any CPU.ActiveCfg = Release|Any CPU
		{36E4E238-DAC7-D438-E7F2-49F75CD2C9AD}.Release|Any CPU.Build.0 = Release|Any CPU
		{A39E0EE8-9E26-8564-4F88-37EC2336B4F8}.Debug|Any CPU.ActiveCfg = Debug|Any CPU
		{A39E0EE8-9E26-8564-4F88-37EC2336B4F8}.Debug|Any CPU.Build.0 = Debug|Any CPU
		{A39E0EE8-9E26-8564-4F88-37EC2336B4F8}.Release|Any CPU.ActiveCfg = Release|Any CPU
		{A39E0EE8-9E26-8564-4F88-37EC2336B4F8}.Release|Any CPU.Build.0 = Release|Any CPU
		{0F05B563-19CB-DF72-CE0E-A90379676C0E}.Debug|Any CPU.ActiveCfg = Debug|Any CPU
		{0F05B563-19CB-DF72-CE0E-A90379676C0E}.Debug|Any CPU.Build.0 = Debug|Any CPU
		{0F05B563-19CB-DF72-CE0E-A90379676C0E}.Release|Any CPU.ActiveCfg = Release|Any CPU
		{0F05B563-19CB-DF72-CE0E-A90379676C0E}.Release|Any CPU.Build.0 = Release|Any CPU
		{0BFD8670-BC4C-D0CB-2293-13DDBB870A08}.Debug|Any CPU.ActiveCfg = Debug|Any CPU
		{0BFD8670-BC4C-D0CB-2293-13DDBB870A08}.Debug|Any CPU.Build.0 = Debug|Any CPU
		{0BFD8670-BC4C-D0CB-2293-13DDBB870A08}.Release|Any CPU.ActiveCfg = Release|Any CPU
		{0BFD8670-BC4C-D0CB-2293-13DDBB870A08}.Release|Any CPU.Build.0 = Release|Any CPU
		{C885711F-5180-1D83-A830-02373F016E25}.Debug|Any CPU.ActiveCfg = Debug|Any CPU
		{C885711F-5180-1D83-A830-02373F016E25}.Debug|Any CPU.Build.0 = Debug|Any CPU
		{C885711F-5180-1D83-A830-02373F016E25}.Release|Any CPU.ActiveCfg = Release|Any CPU
		{C885711F-5180-1D83-A830-02373F016E25}.Release|Any CPU.Build.0 = Release|Any CPU
		{1AAC77C1-84D8-E99F-149E-88B520EB052D}.Debug|Any CPU.ActiveCfg = Debug|Any CPU
		{1AAC77C1-84D8-E99F-149E-88B520EB052D}.Debug|Any CPU.Build.0 = Debug|Any CPU
		{1AAC77C1-84D8-E99F-149E-88B520EB052D}.Release|Any CPU.ActiveCfg = Release|Any CPU
		{1AAC77C1-84D8-E99F-149E-88B520EB052D}.Release|Any CPU.Build.0 = Release|Any CPU
		{7B63C3A1-4ECF-43DA-39AF-06BF92AA2065}.Debug|Any CPU.ActiveCfg = Debug|Any CPU
		{7B63C3A1-4ECF-43DA-39AF-06BF92AA2065}.Debug|Any CPU.Build.0 = Debug|Any CPU
		{7B63C3A1-4ECF-43DA-39AF-06BF92AA2065}.Release|Any CPU.ActiveCfg = Release|Any CPU
		{7B63C3A1-4ECF-43DA-39AF-06BF92AA2065}.Release|Any CPU.Build.0 = Release|Any CPU
	EndGlobalSection
	GlobalSection(SolutionProperties) = preSolution
		HideSolutionNode = FALSE
	EndGlobalSection
EndGlobal
