
Microsoft Visual Studio Solution File, Format Version 12.00
# Visual Studio 15
Project("{FAE04EC0-301F-11D3-BF4B-00C04F79EFBC}") = "SplineMesh", "SplineMesh.csproj", "{464D9D06-54BB-0727-018A-41EE4F0542AE}"
EndProject
Project("{FAE04EC0-301F-11D3-BF4B-00C04F79EFBC}") = "PlantBuilder", "PlantBuilder.csproj", "{408F3866-5553-D928-D598-7EDA73C56DD8}"
EndProject
Project("{FAE04EC0-301F-11D3-BF4B-00C04F79EFBC}") = "PlantBuilder.Editor", "PlantBuilder.Editor.csproj", "{D416B3D2-1F38-DEF8-13C1-A420157DA023}"
EndProject
Project("{FAE04EC0-301F-11D3-BF4B-00C04F79EFBC}") = "SplineMeshEditor", "SplineMeshEditor.csproj", "{C885711F-5180-1D83-A830-02373F016E25}"
EndProject
Project("{FAE04EC0-301F-11D3-BF4B-00C04F79EFBC}") = "Assembly-CSharp", "Assembly-CSharp.csproj", "{F5E7E268-3178-1321-DAD5-E3F0C433CDFE}"
EndProject
Project("{FAE04EC0-301F-11D3-BF4B-00C04F79EFBC}") = "com.dman.l-system", "com.dman.l-system.csproj", "{86C9F6FE-DF85-62C4-D96B-392477A43760}"
EndProject
Global
	GlobalSection(SolutionConfigurationPlatforms) = preSolution
		Debug|Any CPU = Debug|Any CPU
		Release|Any CPU = Release|Any CPU
	EndGlobalSection
	GlobalSection(ProjectConfigurationPlatforms) = postSolution
		{464D9D06-54BB-0727-018A-41EE4F0542AE}.Debug|Any CPU.ActiveCfg = Debug|Any CPU
		{464D9D06-54BB-0727-018A-41EE4F0542AE}.Debug|Any CPU.Build.0 = Debug|Any CPU
		{464D9D06-54BB-0727-018A-41EE4F0542AE}.Release|Any CPU.ActiveCfg = Release|Any CPU
		{464D9D06-54BB-0727-018A-41EE4F0542AE}.Release|Any CPU.Build.0 = Release|Any CPU
		{408F3866-5553-D928-D598-7EDA73C56DD8}.Debug|Any CPU.ActiveCfg = Debug|Any CPU
		{408F3866-5553-D928-D598-7EDA73C56DD8}.Debug|Any CPU.Build.0 = Debug|Any CPU
		{408F3866-5553-D928-D598-7EDA73C56DD8}.Release|Any CPU.ActiveCfg = Release|Any CPU
		{408F3866-5553-D928-D598-7EDA73C56DD8}.Release|Any CPU.Build.0 = Release|Any CPU
		{D416B3D2-1F38-DEF8-13C1-A420157DA023}.Debug|Any CPU.ActiveCfg = Debug|Any CPU
		{D416B3D2-1F38-DEF8-13C1-A420157DA023}.Debug|Any CPU.Build.0 = Debug|Any CPU
		{D416B3D2-1F38-DEF8-13C1-A420157DA023}.Release|Any CPU.ActiveCfg = Release|Any CPU
		{D416B3D2-1F38-DEF8-13C1-A420157DA023}.Release|Any CPU.Build.0 = Release|Any CPU
		{C885711F-5180-1D83-A830-02373F016E25}.Debug|Any CPU.ActiveCfg = Debug|Any CPU
		{C885711F-5180-1D83-A830-02373F016E25}.Debug|Any CPU.Build.0 = Debug|Any CPU
		{C885711F-5180-1D83-A830-02373F016E25}.Release|Any CPU.ActiveCfg = Release|Any CPU
		{C885711F-5180-1D83-A830-02373F016E25}.Release|Any CPU.Build.0 = Release|Any CPU
		{F5E7E268-3178-1321-DAD5-E3F0C433CDFE}.Debug|Any CPU.ActiveCfg = Debug|Any CPU
		{F5E7E268-3178-1321-DAD5-E3F0C433CDFE}.Debug|Any CPU.Build.0 = Debug|Any CPU
		{F5E7E268-3178-1321-DAD5-E3F0C433CDFE}.Release|Any CPU.ActiveCfg = Release|Any CPU
		{F5E7E268-3178-1321-DAD5-E3F0C433CDFE}.Release|Any CPU.Build.0 = Release|Any CPU
		{86C9F6FE-DF85-62C4-D96B-392477A43760}.Debug|Any CPU.ActiveCfg = Debug|Any CPU
		{86C9F6FE-DF85-62C4-D96B-392477A43760}.Debug|Any CPU.Build.0 = Debug|Any CPU
		{86C9F6FE-DF85-62C4-D96B-392477A43760}.Release|Any CPU.ActiveCfg = Release|Any CPU
		{86C9F6FE-DF85-62C4-D96B-392477A43760}.Release|Any CPU.Build.0 = Release|Any CPU
	EndGlobalSection
	GlobalSection(SolutionProperties) = preSolution
		HideSolutionNode = FALSE
	EndGlobalSection
EndGlobal
